
Microsoft Visual Studio Solution File, Format Version 12.00
# Visual Studio Version 17
VisualStudioVersion = 17.2.32630.192
MinimumVisualStudioVersion = 10.0.40219.1
Project("{9A19103F-16F7-4668-BE54-9A1E7A4F7556}") = "BoardgamesEShopManagement.Domain", "BoardgamesEShopManagement.Domain\BoardgamesEShopManagement.Domain.csproj", "{6A44D40E-9F6D-48BA-8B5C-8066C3DC7130}"
EndProject
Project("{9A19103F-16F7-4668-BE54-9A1E7A4F7556}") = "BoardgamesEShopManagement.ConsolePresentation", "BoardgamesEShopManagement.Console\BoardgamesEShopManagement.ConsolePresentation.csproj", "{286FE8CD-B707-4797-90DD-7471A36AC338}"
EndProject
Project("{9A19103F-16F7-4668-BE54-9A1E7A4F7556}") = "BoardgamesEShopManagement.Application", "BoardgamesEShopManagement.Application\BoardgamesEShopManagement.Application.csproj", "{DE986B8C-418E-4166-8BD5-6F2E808F68E9}"
EndProject
Project("{9A19103F-16F7-4668-BE54-9A1E7A4F7556}") = "BoardgamesEShopManagement.Infrastructure", "BoardgamesEShopManagement.Infrastructure\BoardgamesEShopManagement.Infrastructure.csproj", "{BF9DF02D-A9DD-4E05-9CA5-30EE3C7217A2}"
EndProject
Project("{FAE04EC0-301F-11D3-BF4B-00C04F79EFBC}") = "BoardgamesEShopManagement.Test", "BoardgamesEShopManagement.Test\BoardgamesEShopManagement.Test.csproj", "{6D4950DD-D968-4200-AABA-A41FDF7E7D06}"
EndProject
Global
	GlobalSection(SolutionConfigurationPlatforms) = preSolution
		Debug|Any CPU = Debug|Any CPU
		Release|Any CPU = Release|Any CPU
	EndGlobalSection
	GlobalSection(ProjectConfigurationPlatforms) = postSolution
		{6A44D40E-9F6D-48BA-8B5C-8066C3DC7130}.Debug|Any CPU.ActiveCfg = Debug|Any CPU
		{6A44D40E-9F6D-48BA-8B5C-8066C3DC7130}.Debug|Any CPU.Build.0 = Debug|Any CPU
		{6A44D40E-9F6D-48BA-8B5C-8066C3DC7130}.Release|Any CPU.ActiveCfg = Release|Any CPU
		{6A44D40E-9F6D-48BA-8B5C-8066C3DC7130}.Release|Any CPU.Build.0 = Release|Any CPU
		{286FE8CD-B707-4797-90DD-7471A36AC338}.Debug|Any CPU.ActiveCfg = Debug|Any CPU
		{286FE8CD-B707-4797-90DD-7471A36AC338}.Debug|Any CPU.Build.0 = Debug|Any CPU
		{286FE8CD-B707-4797-90DD-7471A36AC338}.Release|Any CPU.ActiveCfg = Release|Any CPU
		{286FE8CD-B707-4797-90DD-7471A36AC338}.Release|Any CPU.Build.0 = Release|Any CPU
		{DE986B8C-418E-4166-8BD5-6F2E808F68E9}.Debug|Any CPU.ActiveCfg = Debug|Any CPU
		{DE986B8C-418E-4166-8BD5-6F2E808F68E9}.Debug|Any CPU.Build.0 = Debug|Any CPU
		{DE986B8C-418E-4166-8BD5-6F2E808F68E9}.Release|Any CPU.ActiveCfg = Release|Any CPU
		{DE986B8C-418E-4166-8BD5-6F2E808F68E9}.Release|Any CPU.Build.0 = Release|Any CPU
		{BF9DF02D-A9DD-4E05-9CA5-30EE3C7217A2}.Debug|Any CPU.ActiveCfg = Debug|Any CPU
		{BF9DF02D-A9DD-4E05-9CA5-30EE3C7217A2}.Debug|Any CPU.Build.0 = Debug|Any CPU
		{BF9DF02D-A9DD-4E05-9CA5-30EE3C7217A2}.Release|Any CPU.ActiveCfg = Release|Any CPU
		{BF9DF02D-A9DD-4E05-9CA5-30EE3C7217A2}.Release|Any CPU.Build.0 = Release|Any CPU
		{6D4950DD-D968-4200-AABA-A41FDF7E7D06}.Debug|Any CPU.ActiveCfg = Debug|Any CPU
		{6D4950DD-D968-4200-AABA-A41FDF7E7D06}.Debug|Any CPU.Build.0 = Debug|Any CPU
		{6D4950DD-D968-4200-AABA-A41FDF7E7D06}.Release|Any CPU.ActiveCfg = Release|Any CPU
		{6D4950DD-D968-4200-AABA-A41FDF7E7D06}.Release|Any CPU.Build.0 = Release|Any CPU
	EndGlobalSection
	GlobalSection(SolutionProperties) = preSolution
		HideSolutionNode = FALSE
	EndGlobalSection
	GlobalSection(ExtensibilityGlobals) = postSolution
		SolutionGuid = {BBEB5756-6653-4ECC-AF6B-51C4F6BEC13A}
	EndGlobalSection
EndGlobal
