
Microsoft Visual Studio Solution File, Format Version 12.00
# Visual Studio Version 17
VisualStudioVersion = 17.2.32630.192
MinimumVisualStudioVersion = 10.0.40219.1
Project("{9A19103F-16F7-4668-BE54-9A1E7A4F7556}") = "BoardgamesEShopManagement.Domain", "BoardgamesEShopManagement.Domain\BoardgamesEShopManagement.Domain.csproj", "{6A44D40E-9F6D-48BA-8B5C-8066C3DC7130}"
EndProject
Project("{9A19103F-16F7-4668-BE54-9A1E7A4F7556}") = "BoardgamesEShopManagement.Application", "BoardgamesEShopManagement.Application\BoardgamesEShopManagement.Application.csproj", "{DE986B8C-418E-4166-8BD5-6F2E808F68E9}"
EndProject
Project("{9A19103F-16F7-4668-BE54-9A1E7A4F7556}") = "BoardgamesEShopManagement.Infrastructure", "BoardgamesEShopManagement.Infrastructure\BoardgamesEShopManagement.Infrastructure.csproj", "{BF9DF02D-A9DD-4E05-9CA5-30EE3C7217A2}"
EndProject
Project("{9A19103F-16F7-4668-BE54-9A1E7A4F7556}") = "BoardgamesEShopManagement.API", "BoardgamesEShopManagement.API\BoardgamesEShopManagement.API.csproj", "{CAAE0215-B6A3-4E77-A4E9-2291445C851C}"
EndProject
Global
	GlobalSection(SolutionConfigurationPlatforms) = preSolution
		Debug|Any CPU = Debug|Any CPU
		Release|Any CPU = Release|Any CPU
	EndGlobalSection
	GlobalSection(ProjectConfigurationPlatforms) = postSolution
		{6A44D40E-9F6D-48BA-8B5C-8066C3DC7130}.Debug|Any CPU.ActiveCfg = Debug|Any CPU
		{6A44D40E-9F6D-48BA-8B5C-8066C3DC7130}.Debug|Any CPU.Build.0 = Debug|Any CPU
		{6A44D40E-9F6D-48BA-8B5C-8066C3DC7130}.Release|Any CPU.ActiveCfg = Release|Any CPU
		{6A44D40E-9F6D-48BA-8B5C-8066C3DC7130}.Release|Any CPU.Build.0 = Release|Any CPU
		{DE986B8C-418E-4166-8BD5-6F2E808F68E9}.Debug|Any CPU.ActiveCfg = Debug|Any CPU
		{DE986B8C-418E-4166-8BD5-6F2E808F68E9}.Debug|Any CPU.Build.0 = Debug|Any CPU
		{DE986B8C-418E-4166-8BD5-6F2E808F68E9}.Release|Any CPU.ActiveCfg = Release|Any CPU
		{DE986B8C-418E-4166-8BD5-6F2E808F68E9}.Release|Any CPU.Build.0 = Release|Any CPU
		{BF9DF02D-A9DD-4E05-9CA5-30EE3C7217A2}.Debug|Any CPU.ActiveCfg = Debug|Any CPU
		{BF9DF02D-A9DD-4E05-9CA5-30EE3C7217A2}.Debug|Any CPU.Build.0 = Debug|Any CPU
		{BF9DF02D-A9DD-4E05-9CA5-30EE3C7217A2}.Release|Any CPU.ActiveCfg = Release|Any CPU
		{BF9DF02D-A9DD-4E05-9CA5-30EE3C7217A2}.Release|Any CPU.Build.0 = Release|Any CPU
		{CAAE0215-B6A3-4E77-A4E9-2291445C851C}.Debug|Any CPU.ActiveCfg = Debug|Any CPU
		{CAAE0215-B6A3-4E77-A4E9-2291445C851C}.Debug|Any CPU.Build.0 = Debug|Any CPU
		{CAAE0215-B6A3-4E77-A4E9-2291445C851C}.Release|Any CPU.ActiveCfg = Release|Any CPU
		{CAAE0215-B6A3-4E77-A4E9-2291445C851C}.Release|Any CPU.Build.0 = Release|Any CPU
	EndGlobalSection
	GlobalSection(SolutionProperties) = preSolution
		HideSolutionNode = FALSE
	EndGlobalSection
	GlobalSection(ExtensibilityGlobals) = postSolution
		SolutionGuid = {BBEB5756-6653-4ECC-AF6B-51C4F6BEC13A}
	EndGlobalSection
EndGlobal
